
Microsoft Visual Studio Solution File, Format Version 12.00
# Visual Studio 15
VisualStudioVersion = 15.0.27703.2047
MinimumVisualStudioVersion = 10.0.40219.1
Project("{FAE04EC0-301F-11D3-BF4B-00C04F79EFBC}") = "26-Mostrar20NumerosyLuegoDeFormaDecreciente", "26-Mostrar20NumerosyLuegoDeFormaDecreciente\26-Mostrar20NumerosyLuegoDeFormaDecreciente.csproj", "{2661F722-1A83-4E32-9998-5A0C96AF52B6}"
EndProject
Global
	GlobalSection(SolutionConfigurationPlatforms) = preSolution
		Debug|Any CPU = Debug|Any CPU
		Release|Any CPU = Release|Any CPU
	EndGlobalSection
	GlobalSection(ProjectConfigurationPlatforms) = postSolution
		{2661F722-1A83-4E32-9998-5A0C96AF52B6}.Debug|Any CPU.ActiveCfg = Debug|Any CPU
		{2661F722-1A83-4E32-9998-5A0C96AF52B6}.Debug|Any CPU.Build.0 = Debug|Any CPU
		{2661F722-1A83-4E32-9998-5A0C96AF52B6}.Release|Any CPU.ActiveCfg = Release|Any CPU
		{2661F722-1A83-4E32-9998-5A0C96AF52B6}.Release|Any CPU.Build.0 = Release|Any CPU
	EndGlobalSection
	GlobalSection(SolutionProperties) = preSolution
		HideSolutionNode = FALSE
	EndGlobalSection
	GlobalSection(ExtensibilityGlobals) = postSolution
		SolutionGuid = {F03E59EA-162E-4C58-BF66-49E64ACEBCF1}
	EndGlobalSection
EndGlobal
